
Microsoft Visual Studio Solution File, Format Version 12.00
# Visual Studio Version 17
VisualStudioVersion = 17.4.33213.308
MinimumVisualStudioVersion = 10.0.40219.1
Project("{9A19103F-16F7-4668-BE54-9A1E7A4F7556}") = "MVCLibraryApp", "MVCLibraryApp.csproj", "{CED25098-5AC1-4B37-85A3-199B8269FDC8}"
EndProject
Project("{9A19103F-16F7-4668-BE54-9A1E7A4F7556}") = "UnitTestMVCLibraryApp", "..\TestMVCLibraryApp\UnitTestMVCLibraryApp.csproj", "{F4DEEBC4-0F2B-47FB-ACEC-B910FA60D4D5}"
EndProject
Project("{FAE04EC0-301F-11D3-BF4B-00C04F79EFBC}") = "UITestMVCLibraryApp", "..\UITestMVCLibraryApp\UITestMVCLibraryApp.csproj", "{7388882F-02F5-4A7F-816A-5F6D2C7598D9}"
EndProject
Global
	GlobalSection(SolutionConfigurationPlatforms) = preSolution
		Debug|Any CPU = Debug|Any CPU
		Release|Any CPU = Release|Any CPU
	EndGlobalSection
	GlobalSection(ProjectConfigurationPlatforms) = postSolution
		{CED25098-5AC1-4B37-85A3-199B8269FDC8}.Debug|Any CPU.ActiveCfg = Debug|Any CPU
		{CED25098-5AC1-4B37-85A3-199B8269FDC8}.Debug|Any CPU.Build.0 = Debug|Any CPU
		{CED25098-5AC1-4B37-85A3-199B8269FDC8}.Release|Any CPU.ActiveCfg = Release|Any CPU
		{CED25098-5AC1-4B37-85A3-199B8269FDC8}.Release|Any CPU.Build.0 = Release|Any CPU
		{F4DEEBC4-0F2B-47FB-ACEC-B910FA60D4D5}.Debug|Any CPU.ActiveCfg = Debug|Any CPU
		{F4DEEBC4-0F2B-47FB-ACEC-B910FA60D4D5}.Debug|Any CPU.Build.0 = Debug|Any CPU
		{F4DEEBC4-0F2B-47FB-ACEC-B910FA60D4D5}.Release|Any CPU.ActiveCfg = Release|Any CPU
		{F4DEEBC4-0F2B-47FB-ACEC-B910FA60D4D5}.Release|Any CPU.Build.0 = Release|Any CPU
		{7388882F-02F5-4A7F-816A-5F6D2C7598D9}.Debug|Any CPU.ActiveCfg = Debug|Any CPU
		{7388882F-02F5-4A7F-816A-5F6D2C7598D9}.Debug|Any CPU.Build.0 = Debug|Any CPU
		{7388882F-02F5-4A7F-816A-5F6D2C7598D9}.Release|Any CPU.ActiveCfg = Release|Any CPU
		{7388882F-02F5-4A7F-816A-5F6D2C7598D9}.Release|Any CPU.Build.0 = Release|Any CPU
	EndGlobalSection
	GlobalSection(SolutionProperties) = preSolution
		HideSolutionNode = FALSE
	EndGlobalSection
	GlobalSection(ExtensibilityGlobals) = postSolution
		SolutionGuid = {A5B04004-FA96-438B-98EF-28A7BD05F745}
	EndGlobalSection
EndGlobal
